// !$*UTF8*$!
{
	archiveVersion = 1;
	classes = {
	};
	objectVersion = 46;
	objects = {

/* Begin PBXBuildFile section */
		2B8A2D5A20AF00AA00F49348 /* AppDelegate.swift in Sources */ = {isa = PBXBuildFile; fileRef = 2B8A2D5920AF00AA00F49348 /* AppDelegate.swift */; };
		2B8A2D5C20AF00AA00F49348 /* ViewController.swift in Sources */ = {isa = PBXBuildFile; fileRef = 2B8A2D5B20AF00AA00F49348 /* ViewController.swift */; };
		2B8A2D5F20AF00AA00F49348 /* Main.storyboard in Resources */ = {isa = PBXBuildFile; fileRef = 2B8A2D5D20AF00AA00F49348 /* Main.storyboard */; };
		2B8A2D6120AF00AA00F49348 /* Assets.xcassets in Resources */ = {isa = PBXBuildFile; fileRef = 2B8A2D6020AF00AA00F49348 /* Assets.xcassets */; };
		2B8A2D6420AF00AA00F49348 /* LaunchScreen.storyboard in Resources */ = {isa = PBXBuildFile; fileRef = 2B8A2D6220AF00AA00F49348 /* LaunchScreen.storyboard */; };
/* End PBXBuildFile section */

/* Begin PBXFileReference section */
		2B8A2D5620AF00A900F49348 /* TrackLocation.app */ = {isa = PBXFileReference; explicitFileType = wrapper.application; includeInIndex = 0; path = TrackLocation.app; sourceTree = BUILT_PRODUCTS_DIR; };
		2B8A2D5920AF00AA00F49348 /* AppDelegate.swift */ = {isa = PBXFileReference; lastKnownFileType = sourcecode.swift; path = AppDelegate.swift; sourceTree = "<group>"; };
		2B8A2D5B20AF00AA00F49348 /* ViewController.swift */ = {isa = PBXFileReference; lastKnownFileType = sourcecode.swift; path = ViewController.swift; sourceTree = "<group>"; };
		2B8A2D5E20AF00AA00F49348 /* Base */ = {isa = PBXFileReference; lastKnownFileType = file.storyboard; name = Base; path = Base.lproj/Main.storyboard; sourceTree = "<group>"; };
		2B8A2D6020AF00AA00F49348 /* Assets.xcassets */ = {isa = PBXFileReference; lastKnownFileType = folder.assetcatalog; path = Assets.xcassets; sourceTree = "<group>"; };
		2B8A2D6320AF00AA00F49348 /* Base */ = {isa = PBXFileReference; lastKnownFileType = file.storyboard; name = Base; path = Base.lproj/LaunchScreen.storyboard; sourceTree = "<group>"; };
		2B8A2D6520AF00AA00F49348 /* Info.plist */ = {isa = PBXFileReference; lastKnownFileType = text.plist.xml; path = Info.plist; sourceTree = "<group>"; };
/* End PBXFileReference section */

/* Begin PBXFrameworksBuildPhase section */
		2B8A2D5320AF00A900F49348 /* Frameworks */ = {
			isa = PBXFrameworksBuildPhase;
			buildActionMask = 2147483647;
			files = (
			);
			runOnlyForDeploymentPostprocessing = 0;
		};
/* End PBXFrameworksBuildPhase section */

/* Begin PBXGroup section */
		2B8A2D4D20AF00A900F49348 = {
			isa = PBXGroup;
			children = (
				2B8A2D5820AF00A900F49348 /* TrackLocation */,
				2B8A2D5720AF00A900F49348 /* Products */,
			);
			sourceTree = "<group>";
		};
		2B8A2D5720AF00A900F49348 /* Products */ = {
			isa = PBXGroup;
			children = (
				2B8A2D5620AF00A900F49348 /* TrackLocation.app */,
			);
			name = Products;
			sourceTree = "<group>";
		};
		2B8A2D5820AF00A900F49348 /* TrackLocation */ = {
			isa = PBXGroup;
			children = (
				2B8A2D5920AF00AA00F49348 /* AppDelegate.swift */,
				2B8A2D5B20AF00AA00F49348 /* ViewController.swift */,
				2B8A2D5D20AF00AA00F49348 /* Main.storyboard */,
				2B8A2D6020AF00AA00F49348 /* Assets.xcassets */,
				2B8A2D6220AF00AA00F49348 /* LaunchScreen.storyboard */,
				2B8A2D6520AF00AA00F49348 /* Info.plist */,
			);
			path = TrackLocation;
			sourceTree = "<group>";
		};
/* End PBXGroup section */

/* Begin PBXNativeTarget section */
		2B8A2D5520AF00A900F49348 /* TrackLocation */ = {
			isa = PBXNativeTarget;
			buildConfigurationList = 2B8A2D6820AF00AA00F49348 /* Build configuration list for PBXNativeTarget "TrackLocation" */;
			buildPhases = (
				2B8A2D5220AF00A900F49348 /* Sources */,
				2B8A2D5320AF00A900F49348 /* Frameworks */,
				2B8A2D5420AF00A900F49348 /* Resources */,
			);
			buildRules = (
			);
			dependencies = (
			);
			name = TrackLocation;
			productName = TrackLocation;
			productReference = 2B8A2D5620AF00A900F49348 /* TrackLocation.app */;
			productType = "com.apple.product-type.application";
		};
/* End PBXNativeTarget section */

/* Begin PBXProject section */
		2B8A2D4E20AF00A900F49348 /* Project object */ = {
			isa = PBXProject;
			attributes = {
				LastSwiftUpdateCheck = 0830;
				LastUpgradeCheck = 0830;
				ORGANIZATIONNAME = Allam;
				TargetAttributes = {
					2B8A2D5520AF00A900F49348 = {
						CreatedOnToolsVersion = 8.3.3;
						DevelopmentTeam = X34D27E638;
						ProvisioningStyle = Automatic;
					};
				};
			};
			buildConfigurationList = 2B8A2D5120AF00A900F49348 /* Build configuration list for PBXProject "TrackLocation" */;
			compatibilityVersion = "Xcode 3.2";
			developmentRegion = English;
			hasScannedForEncodings = 0;
			knownRegions = (
				en,
				Base,
			);
			mainGroup = 2B8A2D4D20AF00A900F49348;
			productRefGroup = 2B8A2D5720AF00A900F49348 /* Products */;
			projectDirPath = "";
			projectRoot = "";
			targets = (
				2B8A2D5520AF00A900F49348 /* TrackLocation */,
			);
		};
/* End PBXProject section */

/* Begin PBXResourcesBuildPhase section */
		2B8A2D5420AF00A900F49348 /* Resources */ = {
			isa = PBXResourcesBuildPhase;
			buildActionMask = 2147483647;
			files = (
				2B8A2D6420AF00AA00F49348 /* LaunchScreen.storyboard in Resources */,
				2B8A2D6120AF00AA00F49348 /* Assets.xcassets in Resources */,
				2B8A2D5F20AF00AA00F49348 /* Main.storyboard in Resources */,
			);
			runOnlyForDeploymentPostprocessing = 0;
		};
/* End PBXResourcesBuildPhase section */

/* Begin PBXSourcesBuildPhase section */
		2B8A2D5220AF00A900F49348 /* Sources */ = {
			isa = PBXSourcesBuildPhase;
			buildActionMask = 2147483647;
			files = (
				2B8A2D5C20AF00AA00F49348 /* ViewController.swift in Sources */,
				2B8A2D5A20AF00AA00F49348 /* AppDelegate.swift in Sources */,
			);
			runOnlyForDeploymentPostprocessing = 0;
		};
/* End PBXSourcesBuildPhase section */

/* Begin PBXVariantGroup section */
		2B8A2D5D20AF00AA00F49348 /* Main.storyboard */ = {
			isa = PBXVariantGroup;
			children = (
				2B8A2D5E20AF00AA00F49348 /* Base */,
			);
			name = Main.storyboard;
			sourceTree = "<group>";
		};
		2B8A2D6220AF00AA00F49348 /* LaunchScreen.storyboard */ = {
			isa = PBXVariantGroup;
			children = (
				2B8A2D6320AF00AA00F49348 /* Base */,
			);
			name = LaunchScreen.storyboard;
			sourceTree = "<group>";
		};
/* End PBXVariantGroup section */

/* Begin XCBuildConfiguration section */
		2B8A2D6620AF00AA00F49348 /* Debug */ = {
			isa = XCBuildConfiguration;
			buildSettings = {
				ALWAYS_SEARCH_USER_PATHS = NO;
				CLANG_ANALYZER_NONNULL = YES;
				CLANG_ANALYZER_NUMBER_OBJECT_CONVERSION = YES_AGGRESSIVE;
				CLANG_CXX_LANGUAGE_STANDARD = "gnu++0x";
				CLANG_CXX_LIBRARY = "libc++";
				CLANG_ENABLE_MODULES = YES;
				CLANG_ENABLE_OBJC_ARC = YES;
				CLANG_WARN_BOOL_CONVERSION = YES;
				CLANG_WARN_CONSTANT_CONVERSION = YES;
				CLANG_WARN_DIRECT_OBJC_ISA_USAGE = YES_ERROR;
				CLANG_WARN_DOCUMENTATION_COMMENTS = YES;
				CLANG_WARN_EMPTY_BODY = YES;
				CLANG_WARN_ENUM_CONVERSION = YES;
				CLANG_WARN_INFINITE_RECURSION = YES;
				CLANG_WARN_INT_CONVERSION = YES;
				CLANG_WARN_OBJC_ROOT_CLASS = YES_ERROR;
				CLANG_WARN_SUSPICIOUS_MOVE = YES;
				CLANG_WARN_UNREACHABLE_CODE = YES;
				CLANG_WARN__DUPLICATE_METHOD_MATCH = YES;
				"CODE_SIGN_IDENTITY[sdk=iphoneos*]" = "iPhone Developer";
				COPY_PHASE_STRIP = NO;
				DEBUG_INFORMATION_FORMAT = dwarf;
				ENABLE_STRICT_OBJC_MSGSEND = YES;
				ENABLE_TESTABILITY = YES;
				GCC_C_LANGUAGE_STANDARD = gnu99;
				GCC_DYNAMIC_NO_PIC = NO;
				GCC_NO_COMMON_BLOCKS = YES;
				GCC_OPTIMIZATION_LEVEL = 0;
				GCC_PREPROCESSOR_DEFINITIONS = (
					"DEBUG=1",
					"$(inherited)",
				);
				GCC_WARN_64_TO_32_BIT_CONVERSION = YES;
				GCC_WARN_ABOUT_RETURN_TYPE = YES_ERROR;
				GCC_WARN_UNDECLARED_SELECTOR = YES;
				GCC_WARN_UNINITIALIZED_AUTOS = YES_AGGRESSIVE;
				GCC_WARN_UNUSED_FUNCTION = YES;
				GCC_WARN_UNUSED_VARIABLE = YES;
				IPHONEOS_DEPLOYMENT_TARGET = 10.3;
				MTL_ENABLE_DEBUG_INFO = YES;
				ONLY_ACTIVE_ARCH = YES;
				SDKROOT = iphoneos;
				SWIFT_ACTIVE_COMPILATION_CONDITIONS = DEBUG;
				SWIFT_OPTIMIZATION_LEVEL = "-Onone";
				TARGETED_DEVICE_FAMILY = "1,2";
			};
			name = Debug;
		};
		2B8A2D6720AF00AA00F49348 /* Release */ = {
			isa = XCBuildConfiguration;
			buildSettings = {
				ALWAYS_SEARCH_USER_PATHS = NO;
				CLANG_ANALYZER_NONNULL = YES;
				CLANG_ANALYZER_NUMBER_OBJECT_CONVERSION = YES_AGGRESSIVE;
				CLANG_CXX_LANGUAGE_STANDARD = "gnu++0x";
				CLANG_CXX_LIBRARY = "libc++";
				CLANG_ENABLE_MODULES = YES;
				CLANG_ENABLE_OBJC_ARC = YES;
				CLANG_WARN_BOOL_CONVERSION = YES;
				CLANG_WARN_CONSTANT_CONVERSION = YES;
				CLANG_WARN_DIRECT_OBJC_ISA_USAGE = YES_ERROR;
				CLANG_WARN_DOCUMENTATION_COMMENTS = YES;
				CLANG_WARN_EMPTY_BODY = YES;
				CLANG_WARN_ENUM_CONVERSION = YES;
				CLANG_WARN_INFINITE_RECURSION = YES;
				CLANG_WARN_INT_CONVERSION = YES;
				CLANG_WARN_OBJC_ROOT_CLASS = YES_ERROR;
				CLANG_WARN_SUSPICIOUS_MOVE = YES;
				CLANG_WARN_UNREACHABLE_CODE = YES;
				CLANG_WARN__DUPLICATE_METHOD_MATCH = YES;
				"CODE_SIGN_IDENTITY[sdk=iphoneos*]" = "iPhone Developer";
				COPY_PHASE_STRIP = NO;
				DEBUG_INFORMATION_FORMAT = "dwarf-with-dsym";
				ENABLE_NS_ASSERTIONS = NO;
				ENABLE_STRICT_OBJC_MSGSEND = YES;
				GCC_C_LANGUAGE_STANDARD = gnu99;
				GCC_NO_COMMON_BLOCKS = YES;
				GCC_WARN_64_TO_32_BIT_CONVERSION = YES;
				GCC_WARN_ABOUT_RETURN_TYPE = YES_ERROR;
				GCC_WARN_UNDECLARED_SELECTOR = YES;
				GCC_WARN_UNINITIALIZED_AUTOS = YES_AGGRESSIVE;
				GCC_WARN_UNUSED_FUNCTION = YES;
				GCC_WARN_UNUSED_VARIABLE = YES;
				IPHONEOS_DEPLOYMENT_TARGET = 10.3;
				MTL_ENABLE_DEBUG_INFO = NO;
				SDKROOT = iphoneos;
				SWIFT_OPTIMIZATION_LEVEL = "-Owholemodule";
				TARGETED_DEVICE_FAMILY = "1,2";
				VALIDATE_PRODUCT = YES;
			};
			name = Release;
		};
		2B8A2D6920AF00AA00F49348 /* Debug */ = {
			isa = XCBuildConfiguration;
			buildSettings = {
				ASSETCATALOG_COMPILER_APPICON_NAME = AppIcon;
				DEVELOPMENT_TEAM = X34D27E638;
				INFOPLIST_FILE = TrackLocation/Info.plist;
				LD_RUNPATH_SEARCH_PATHS = "$(inherited) @executable_path/Frameworks";
				PRODUCT_BUNDLE_IDENTIFIER = com.allam.TrackLocation;
				PRODUCT_NAME = "$(TARGET_NAME)";
				SWIFT_VERSION = 3.0;
			};
			name = Debug;
		};
		2B8A2D6A20AF00AA00F49348 /* Release */ = {
			isa = XCBuildConfiguration;
			buildSettings = {
				ASSETCATALOG_COMPILER_APPICON_NAME = AppIcon;
				DEVELOPMENT_TEAM = X34D27E638;
				INFOPLIST_FILE = TrackLocation/Info.plist;
				LD_RUNPATH_SEARCH_PATHS = "$(inherited) @executable_path/Frameworks";
				PRODUCT_BUNDLE_IDENTIFIER = com.allam.TrackLocation;
				PRODUCT_NAME = "$(TARGET_NAME)";
				SWIFT_VERSION = 3.0;
			};
			name = Release;
		};
/* End XCBuildConfiguration section */

/* Begin XCConfigurationList section */
		2B8A2D5120AF00A900F49348 /* Build configuration list for PBXProject "TrackLocation" */ = {
			isa = XCConfigurationList;
			buildConfigurations = (
				2B8A2D6620AF00AA00F49348 /* Debug */,
				2B8A2D6720AF00AA00F49348 /* Release */,
			);
			defaultConfigurationIsVisible = 0;
			defaultConfigurationName = Release;
		};
		2B8A2D6820AF00AA00F49348 /* Build configuration list for PBXNativeTarget "TrackLocation" */ = {
			isa = XCConfigurationList;
			buildConfigurations = (
				2B8A2D6920AF00AA00F49348 /* Debug */,
				2B8A2D6A20AF00AA00F49348 /* Release */,
			);
			defaultConfigurationIsVisible = 0;
		};
/* End XCConfigurationList section */
	};
	rootObject = 2B8A2D4E20AF00A900F49348 /* Project object */;
}
